{
  "name": "example",
  "version": "1.0.0",
  "lockfileVersion": 3,
  "requires": true,
  "packages": {
    "": {
      "name": "example",
      "version": "1.0.0",
      "license": "ISC",
      "dependencies": {
        "@mahdikhashan/hello_world_binary": "^1.0.0"
      }
    },
    "node_modules/@mahdikhashan/hello_world_binary": {
      "version": "1.0.0",
      "resolved": "https://npm.pkg.github.com/download/@mahdikhashan/hello_world_binary/1.0.0/174a261746b55324f43476fb208d93bdd2dbf355",
      "integrity": "sha512-pah5XhN2HPIsUXPvzOq6cdO3TGPlRdWRFN3+t9xQKqhIHT/sExlTGQBV/33iWXSBokJuOYNxBnIuItbNhkprgA==",
      "license": "MIT",
      "bin": {
        "hello-world": "bin/hello_world"
      }
    }
  }
}
